
Microsoft Visual Studio Solution File, Format Version 12.00
# Visual Studio Version 16
VisualStudioVersion = 16.0.30804.86
MinimumVisualStudioVersion = 10.0.40219.1
Project("{9A19103F-16F7-4668-BE54-9A1E7A4F7556}") = "Metodlar", "Metodlar\Metodlar.csproj", "{C3D6317D-B5F4-49F8-938A-3F3A6155A762}"
EndProject
Project("{9A19103F-16F7-4668-BE54-9A1E7A4F7556}") = "Matematik", "Matematik\Matematik.csproj", "{E2476B06-E0EC-45C7-B123-8073409BEB79}"
EndProject
Project("{9A19103F-16F7-4668-BE54-9A1E7A4F7556}") = "DegerVeReferansTipler", "DegerVeReferansTipler\DegerVeReferansTipler.csproj", "{4844F758-2EB3-4272-81CA-6858B149B38C}"
EndProject
Project("{9A19103F-16F7-4668-BE54-9A1E7A4F7556}") = "OOP1", "OOP1\OOP1.csproj", "{F1AFBAC3-9FC9-43C7-B5AB-6549B88775CA}"
EndProject
Project("{9A19103F-16F7-4668-BE54-9A1E7A4F7556}") = "Koleksiyonlar", "Koleksiyonlar\Koleksiyonlar.csproj", "{49B775B3-600C-4711-9DC4-BD46969B662E}"
EndProject
Project("{9A19103F-16F7-4668-BE54-9A1E7A4F7556}") = "GenericsIntro", "GenericsIntro\GenericsIntro.csproj", "{8ACDF9FC-7609-452F-84F7-FCEEC40ED09C}"
EndProject
Project("{FAE04EC0-301F-11D3-BF4B-00C04F79EFBC}") = "MyDictionary", "MyDictionary\MyDictionary.csproj", "{FB14DD2B-5907-44AF-97B1-BB92CCDF828A}"
EndProject
Global
	GlobalSection(SolutionConfigurationPlatforms) = preSolution
		Debug|Any CPU = Debug|Any CPU
		Release|Any CPU = Release|Any CPU
	EndGlobalSection
	GlobalSection(ProjectConfigurationPlatforms) = postSolution
		{C3D6317D-B5F4-49F8-938A-3F3A6155A762}.Debug|Any CPU.ActiveCfg = Debug|Any CPU
		{C3D6317D-B5F4-49F8-938A-3F3A6155A762}.Debug|Any CPU.Build.0 = Debug|Any CPU
		{C3D6317D-B5F4-49F8-938A-3F3A6155A762}.Release|Any CPU.ActiveCfg = Release|Any CPU
		{C3D6317D-B5F4-49F8-938A-3F3A6155A762}.Release|Any CPU.Build.0 = Release|Any CPU
		{E2476B06-E0EC-45C7-B123-8073409BEB79}.Debug|Any CPU.ActiveCfg = Debug|Any CPU
		{E2476B06-E0EC-45C7-B123-8073409BEB79}.Debug|Any CPU.Build.0 = Debug|Any CPU
		{E2476B06-E0EC-45C7-B123-8073409BEB79}.Release|Any CPU.ActiveCfg = Release|Any CPU
		{E2476B06-E0EC-45C7-B123-8073409BEB79}.Release|Any CPU.Build.0 = Release|Any CPU
		{4844F758-2EB3-4272-81CA-6858B149B38C}.Debug|Any CPU.ActiveCfg = Debug|Any CPU
		{4844F758-2EB3-4272-81CA-6858B149B38C}.Debug|Any CPU.Build.0 = Debug|Any CPU
		{4844F758-2EB3-4272-81CA-6858B149B38C}.Release|Any CPU.ActiveCfg = Release|Any CPU
		{4844F758-2EB3-4272-81CA-6858B149B38C}.Release|Any CPU.Build.0 = Release|Any CPU
		{F1AFBAC3-9FC9-43C7-B5AB-6549B88775CA}.Debug|Any CPU.ActiveCfg = Debug|Any CPU
		{F1AFBAC3-9FC9-43C7-B5AB-6549B88775CA}.Debug|Any CPU.Build.0 = Debug|Any CPU
		{F1AFBAC3-9FC9-43C7-B5AB-6549B88775CA}.Release|Any CPU.ActiveCfg = Release|Any CPU
		{F1AFBAC3-9FC9-43C7-B5AB-6549B88775CA}.Release|Any CPU.Build.0 = Release|Any CPU
		{49B775B3-600C-4711-9DC4-BD46969B662E}.Debug|Any CPU.ActiveCfg = Debug|Any CPU
		{49B775B3-600C-4711-9DC4-BD46969B662E}.Debug|Any CPU.Build.0 = Debug|Any CPU
		{49B775B3-600C-4711-9DC4-BD46969B662E}.Release|Any CPU.ActiveCfg = Release|Any CPU
		{49B775B3-600C-4711-9DC4-BD46969B662E}.Release|Any CPU.Build.0 = Release|Any CPU
		{8ACDF9FC-7609-452F-84F7-FCEEC40ED09C}.Debug|Any CPU.ActiveCfg = Debug|Any CPU
		{8ACDF9FC-7609-452F-84F7-FCEEC40ED09C}.Debug|Any CPU.Build.0 = Debug|Any CPU
		{8ACDF9FC-7609-452F-84F7-FCEEC40ED09C}.Release|Any CPU.ActiveCfg = Release|Any CPU
		{8ACDF9FC-7609-452F-84F7-FCEEC40ED09C}.Release|Any CPU.Build.0 = Release|Any CPU
		{FB14DD2B-5907-44AF-97B1-BB92CCDF828A}.Debug|Any CPU.ActiveCfg = Debug|Any CPU
		{FB14DD2B-5907-44AF-97B1-BB92CCDF828A}.Debug|Any CPU.Build.0 = Debug|Any CPU
		{FB14DD2B-5907-44AF-97B1-BB92CCDF828A}.Release|Any CPU.ActiveCfg = Release|Any CPU
		{FB14DD2B-5907-44AF-97B1-BB92CCDF828A}.Release|Any CPU.Build.0 = Release|Any CPU
	EndGlobalSection
	GlobalSection(SolutionProperties) = preSolution
		HideSolutionNode = FALSE
	EndGlobalSection
	GlobalSection(ExtensibilityGlobals) = postSolution
		SolutionGuid = {A82D0B22-2C6E-47D4-A829-17936F619D5B}
	EndGlobalSection
EndGlobal
